
Microsoft Visual Studio Solution File, Format Version 12.00
# Visual Studio Version 17
VisualStudioVersion = 17.8.34511.84
MinimumVisualStudioVersion = 10.0.40219.1
Project("{FAE04EC0-301F-11D3-BF4B-00C04F79EFBC}") = "MauiSqlite", "MauiSqlite\MauiSqlite.csproj", "{4D09DD29-DA36-46B3-825B-85BF22A926BC}"
EndProject
Global
	GlobalSection(SolutionConfigurationPlatforms) = preSolution
		Debug|Any CPU = Debug|Any CPU
		Release|Any CPU = Release|Any CPU
	EndGlobalSection
	GlobalSection(ProjectConfigurationPlatforms) = postSolution
		{4D09DD29-DA36-46B3-825B-85BF22A926BC}.Debug|Any CPU.ActiveCfg = Debug|Any CPU
		{4D09DD29-DA36-46B3-825B-85BF22A926BC}.Debug|Any CPU.Build.0 = Debug|Any CPU
		{4D09DD29-DA36-46B3-825B-85BF22A926BC}.Debug|Any CPU.Deploy.0 = Debug|Any CPU
		{4D09DD29-DA36-46B3-825B-85BF22A926BC}.Release|Any CPU.ActiveCfg = Release|Any CPU
		{4D09DD29-DA36-46B3-825B-85BF22A926BC}.Release|Any CPU.Build.0 = Release|Any CPU
		{4D09DD29-DA36-46B3-825B-85BF22A926BC}.Release|Any CPU.Deploy.0 = Release|Any CPU
	EndGlobalSection
	GlobalSection(SolutionProperties) = preSolution
		HideSolutionNode = FALSE
	EndGlobalSection
	GlobalSection(ExtensibilityGlobals) = postSolution
		SolutionGuid = {310B9C4F-F9CB-49A6-918D-12514E5EA957}
	EndGlobalSection
EndGlobal
